
Microsoft Visual Studio Solution File, Format Version 12.00
# Visual Studio Version 17
VisualStudioVersion = 17.13.35913.81
MinimumVisualStudioVersion = 10.0.40219.1
Project("{FAE04EC0-301F-11D3-BF4B-00C04F79EFBC}") = "GlyphViewer", "GlyphViewer.csproj", "{708552F6-959C-4538-9ADA-B0AB13CC348F}"
EndProject
Global
	GlobalSection(SolutionConfigurationPlatforms) = preSolution
		Debug|Any CPU = Debug|Any CPU
		Release|Any CPU = Release|Any CPU
	EndGlobalSection
	GlobalSection(ProjectConfigurationPlatforms) = postSolution
		{708552F6-959C-4538-9ADA-B0AB13CC348F}.Debug|Any CPU.ActiveCfg = Debug|Any CPU
		{708552F6-959C-4538-9ADA-B0AB13CC348F}.Debug|Any CPU.Build.0 = Debug|Any CPU
		{708552F6-959C-4538-9ADA-B0AB13CC348F}.Debug|Any CPU.Deploy.0 = Debug|Any CPU
		{708552F6-959C-4538-9ADA-B0AB13CC348F}.Release|Any CPU.ActiveCfg = Release|Any CPU
		{708552F6-959C-4538-9ADA-B0AB13CC348F}.Release|Any CPU.Build.0 = Release|Any CPU
		{708552F6-959C-4538-9ADA-B0AB13CC348F}.Release|Any CPU.Deploy.0 = Release|Any CPU
	EndGlobalSection
	GlobalSection(SolutionProperties) = preSolution
		HideSolutionNode = FALSE
	EndGlobalSection
	GlobalSection(ExtensibilityGlobals) = postSolution
		SolutionGuid = {C76FEC74-8F56-4BB6-9A3D-F4EE41C35448}
	EndGlobalSection
EndGlobal
